
Microsoft Visual Studio Solution File, Format Version 12.00
# Visual Studio Version 16
VisualStudioVersion = 16.0.31129.286
MinimumVisualStudioVersion = 10.0.40219.1
Project("{8BC9CEB8-8B4A-11D0-8D11-00A0C91BC942}") = "Math_Operations", "Math_Operations\Math_Operations.vcxproj", "{5A5D6376-B8DF-4703-89C9-9DD2AC3049A8}"
EndProject
Global
	GlobalSection(SolutionConfigurationPlatforms) = preSolution
		Debug|x64 = Debug|x64
		Debug|x86 = Debug|x86
		Release|x64 = Release|x64
		Release|x86 = Release|x86
	EndGlobalSection
	GlobalSection(ProjectConfigurationPlatforms) = postSolution
		{5A5D6376-B8DF-4703-89C9-9DD2AC3049A8}.Debug|x64.ActiveCfg = Debug|x64
		{5A5D6376-B8DF-4703-89C9-9DD2AC3049A8}.Debug|x64.Build.0 = Debug|x64
		{5A5D6376-B8DF-4703-89C9-9DD2AC3049A8}.Debug|x86.ActiveCfg = Debug|Win32
		{5A5D6376-B8DF-4703-89C9-9DD2AC3049A8}.Debug|x86.Build.0 = Debug|Win32
		{5A5D6376-B8DF-4703-89C9-9DD2AC3049A8}.Release|x64.ActiveCfg = Release|x64
		{5A5D6376-B8DF-4703-89C9-9DD2AC3049A8}.Release|x64.Build.0 = Release|x64
		{5A5D6376-B8DF-4703-89C9-9DD2AC3049A8}.Release|x86.ActiveCfg = Release|Win32
		{5A5D6376-B8DF-4703-89C9-9DD2AC3049A8}.Release|x86.Build.0 = Release|Win32
	EndGlobalSection
	GlobalSection(SolutionProperties) = preSolution
		HideSolutionNode = FALSE
	EndGlobalSection
	GlobalSection(ExtensibilityGlobals) = postSolution
		SolutionGuid = {5697EF82-1A6D-47EB-9442-D839C3F18483}
	EndGlobalSection
EndGlobal
