
Microsoft Visual Studio Solution File, Format Version 12.00
# Visual Studio Version 17
VisualStudioVersion = 17.9.34728.123
MinimumVisualStudioVersion = 10.0.40219.1
Project("{8BC9CEB8-8B4A-11D0-8D11-00A0C91BC942}") = "Sound_Processor_V1.1", "Sound_Processor_V1.1.vcxproj", "{40489035-A67A-4B16-B76E-C98616714DF6}"
	ProjectSection(ProjectDependencies) = postProject
		{353C85C4-52F7-4875-AAED-A684F1C472B0} = {353C85C4-52F7-4875-AAED-A684F1C472B0}
	EndProjectSection
EndProject
Project("{8BC9CEB8-8B4A-11D0-8D11-00A0C91BC942}") = "drc_module", "..\drc_module\drc_module.vcxproj", "{96FBA7D5-4EAC-41AF-9DD4-8DC68CFB14FB}"
EndProject
Project("{8BC9CEB8-8B4A-11D0-8D11-00A0C91BC942}") = "filters_module", "..\filters_module\filters_module.vcxproj", "{8BA1C2C2-B4BD-4A29-B04B-77C71A1AC651}"
EndProject
Project("{8BC9CEB8-8B4A-11D0-8D11-00A0C91BC942}") = "maths_module", "..\maths_module\maths_module.vcxproj", "{353C85C4-52F7-4875-AAED-A684F1C472B0}"
EndProject
Project("{8BC9CEB8-8B4A-11D0-8D11-00A0C91BC942}") = "nlms_module", "..\nlms_module\nlms_module.vcxproj", "{6A8DA574-701C-446A-BEEE-A959FBED4DEF}"
EndProject
Project("{8BC9CEB8-8B4A-11D0-8D11-00A0C91BC942}") = "rls_module", "..\rls_module\rls_module.vcxproj", "{7E3C06DB-FB9F-4543-9AA6-24D0EA2A3C34}"
EndProject
Project("{8BC9CEB8-8B4A-11D0-8D11-00A0C91BC942}") = "Testing", "..\Testing\Testing.vcxproj", "{202765AD-8B0E-4593-A5C3-FB8AEF11D332}"
	ProjectSection(ProjectDependencies) = postProject
		{2CB82946-81A7-4D34-9653-FACBF48E69B6} = {2CB82946-81A7-4D34-9653-FACBF48E69B6}
		{BFC834C3-A70B-4650-B453-83FF081A1939} = {BFC834C3-A70B-4650-B453-83FF081A1939}
		{353C85C4-52F7-4875-AAED-A684F1C472B0} = {353C85C4-52F7-4875-AAED-A684F1C472B0}
	EndProjectSection
EndProject
Project("{8BC9CEB8-8B4A-11D0-8D11-00A0C91BC942}") = "Google_Tests", "..\Google_Tests\Google_Tests.vcxproj", "{2CB82946-81A7-4D34-9653-FACBF48E69B6}"
EndProject
Project("{8BC9CEB8-8B4A-11D0-8D11-00A0C91BC942}") = "GoogleMock", "..\GoogleMock\GoogleMock.vcxproj", "{BFC834C3-A70B-4650-B453-83FF081A1939}"
EndProject
Project("{8BC9CEB8-8B4A-11D0-8D11-00A0C91BC942}") = "EigenLib", "..\EigenLib\EigenLib.vcxproj", "{2BC83D1B-C502-467C-8B25-85CB47473DDB}"
EndProject
Global
	GlobalSection(SolutionConfigurationPlatforms) = preSolution
		Debug|x64 = Debug|x64
		Debug|x86 = Debug|x86
		Release|x64 = Release|x64
		Release|x86 = Release|x86
	EndGlobalSection
	GlobalSection(ProjectConfigurationPlatforms) = postSolution
		{40489035-A67A-4B16-B76E-C98616714DF6}.Debug|x64.ActiveCfg = Debug|x64
		{40489035-A67A-4B16-B76E-C98616714DF6}.Debug|x64.Build.0 = Debug|x64
		{40489035-A67A-4B16-B76E-C98616714DF6}.Debug|x86.ActiveCfg = Debug|Win32
		{40489035-A67A-4B16-B76E-C98616714DF6}.Debug|x86.Build.0 = Debug|Win32
		{40489035-A67A-4B16-B76E-C98616714DF6}.Release|x64.ActiveCfg = Release|x64
		{40489035-A67A-4B16-B76E-C98616714DF6}.Release|x64.Build.0 = Release|x64
		{40489035-A67A-4B16-B76E-C98616714DF6}.Release|x86.ActiveCfg = Release|Win32
		{40489035-A67A-4B16-B76E-C98616714DF6}.Release|x86.Build.0 = Release|Win32
		{96FBA7D5-4EAC-41AF-9DD4-8DC68CFB14FB}.Debug|x64.ActiveCfg = Debug|x64
		{96FBA7D5-4EAC-41AF-9DD4-8DC68CFB14FB}.Debug|x64.Build.0 = Debug|x64
		{96FBA7D5-4EAC-41AF-9DD4-8DC68CFB14FB}.Debug|x86.ActiveCfg = Debug|Win32
		{96FBA7D5-4EAC-41AF-9DD4-8DC68CFB14FB}.Debug|x86.Build.0 = Debug|Win32
		{96FBA7D5-4EAC-41AF-9DD4-8DC68CFB14FB}.Release|x64.ActiveCfg = Release|x64
		{96FBA7D5-4EAC-41AF-9DD4-8DC68CFB14FB}.Release|x64.Build.0 = Release|x64
		{96FBA7D5-4EAC-41AF-9DD4-8DC68CFB14FB}.Release|x86.ActiveCfg = Release|Win32
		{96FBA7D5-4EAC-41AF-9DD4-8DC68CFB14FB}.Release|x86.Build.0 = Release|Win32
		{8BA1C2C2-B4BD-4A29-B04B-77C71A1AC651}.Debug|x64.ActiveCfg = Debug|x64
		{8BA1C2C2-B4BD-4A29-B04B-77C71A1AC651}.Debug|x64.Build.0 = Debug|x64
		{8BA1C2C2-B4BD-4A29-B04B-77C71A1AC651}.Debug|x86.ActiveCfg = Debug|Win32
		{8BA1C2C2-B4BD-4A29-B04B-77C71A1AC651}.Debug|x86.Build.0 = Debug|Win32
		{8BA1C2C2-B4BD-4A29-B04B-77C71A1AC651}.Release|x64.ActiveCfg = Release|x64
		{8BA1C2C2-B4BD-4A29-B04B-77C71A1AC651}.Release|x64.Build.0 = Release|x64
		{8BA1C2C2-B4BD-4A29-B04B-77C71A1AC651}.Release|x86.ActiveCfg = Release|Win32
		{8BA1C2C2-B4BD-4A29-B04B-77C71A1AC651}.Release|x86.Build.0 = Release|Win32
		{353C85C4-52F7-4875-AAED-A684F1C472B0}.Debug|x64.ActiveCfg = Debug|x64
		{353C85C4-52F7-4875-AAED-A684F1C472B0}.Debug|x64.Build.0 = Debug|x64
		{353C85C4-52F7-4875-AAED-A684F1C472B0}.Debug|x86.ActiveCfg = Debug|Win32
		{353C85C4-52F7-4875-AAED-A684F1C472B0}.Debug|x86.Build.0 = Debug|Win32
		{353C85C4-52F7-4875-AAED-A684F1C472B0}.Release|x64.ActiveCfg = Release|x64
		{353C85C4-52F7-4875-AAED-A684F1C472B0}.Release|x64.Build.0 = Release|x64
		{353C85C4-52F7-4875-AAED-A684F1C472B0}.Release|x86.ActiveCfg = Release|Win32
		{353C85C4-52F7-4875-AAED-A684F1C472B0}.Release|x86.Build.0 = Release|Win32
		{6A8DA574-701C-446A-BEEE-A959FBED4DEF}.Debug|x64.ActiveCfg = Debug|x64
		{6A8DA574-701C-446A-BEEE-A959FBED4DEF}.Debug|x64.Build.0 = Debug|x64
		{6A8DA574-701C-446A-BEEE-A959FBED4DEF}.Debug|x86.ActiveCfg = Debug|Win32
		{6A8DA574-701C-446A-BEEE-A959FBED4DEF}.Debug|x86.Build.0 = Debug|Win32
		{6A8DA574-701C-446A-BEEE-A959FBED4DEF}.Release|x64.ActiveCfg = Release|x64
		{6A8DA574-701C-446A-BEEE-A959FBED4DEF}.Release|x64.Build.0 = Release|x64
		{6A8DA574-701C-446A-BEEE-A959FBED4DEF}.Release|x86.ActiveCfg = Release|Win32
		{6A8DA574-701C-446A-BEEE-A959FBED4DEF}.Release|x86.Build.0 = Release|Win32
		{7E3C06DB-FB9F-4543-9AA6-24D0EA2A3C34}.Debug|x64.ActiveCfg = Debug|x64
		{7E3C06DB-FB9F-4543-9AA6-24D0EA2A3C34}.Debug|x64.Build.0 = Debug|x64
		{7E3C06DB-FB9F-4543-9AA6-24D0EA2A3C34}.Debug|x86.ActiveCfg = Debug|Win32
		{7E3C06DB-FB9F-4543-9AA6-24D0EA2A3C34}.Debug|x86.Build.0 = Debug|Win32
		{7E3C06DB-FB9F-4543-9AA6-24D0EA2A3C34}.Release|x64.ActiveCfg = Release|x64
		{7E3C06DB-FB9F-4543-9AA6-24D0EA2A3C34}.Release|x64.Build.0 = Release|x64
		{7E3C06DB-FB9F-4543-9AA6-24D0EA2A3C34}.Release|x86.ActiveCfg = Release|Win32
		{7E3C06DB-FB9F-4543-9AA6-24D0EA2A3C34}.Release|x86.Build.0 = Release|Win32
		{202765AD-8B0E-4593-A5C3-FB8AEF11D332}.Debug|x64.ActiveCfg = Debug|x64
		{202765AD-8B0E-4593-A5C3-FB8AEF11D332}.Debug|x64.Build.0 = Debug|x64
		{202765AD-8B0E-4593-A5C3-FB8AEF11D332}.Debug|x86.ActiveCfg = Debug|Win32
		{202765AD-8B0E-4593-A5C3-FB8AEF11D332}.Debug|x86.Build.0 = Debug|Win32
		{202765AD-8B0E-4593-A5C3-FB8AEF11D332}.Release|x64.ActiveCfg = Release|x64
		{202765AD-8B0E-4593-A5C3-FB8AEF11D332}.Release|x64.Build.0 = Release|x64
		{202765AD-8B0E-4593-A5C3-FB8AEF11D332}.Release|x86.ActiveCfg = Release|Win32
		{202765AD-8B0E-4593-A5C3-FB8AEF11D332}.Release|x86.Build.0 = Release|Win32
		{2CB82946-81A7-4D34-9653-FACBF48E69B6}.Debug|x64.ActiveCfg = Debug|x64
		{2CB82946-81A7-4D34-9653-FACBF48E69B6}.Debug|x64.Build.0 = Debug|x64
		{2CB82946-81A7-4D34-9653-FACBF48E69B6}.Debug|x86.ActiveCfg = Debug|Win32
		{2CB82946-81A7-4D34-9653-FACBF48E69B6}.Debug|x86.Build.0 = Debug|Win32
		{2CB82946-81A7-4D34-9653-FACBF48E69B6}.Release|x64.ActiveCfg = Release|x64
		{2CB82946-81A7-4D34-9653-FACBF48E69B6}.Release|x64.Build.0 = Release|x64
		{2CB82946-81A7-4D34-9653-FACBF48E69B6}.Release|x86.ActiveCfg = Release|Win32
		{2CB82946-81A7-4D34-9653-FACBF48E69B6}.Release|x86.Build.0 = Release|Win32
		{BFC834C3-A70B-4650-B453-83FF081A1939}.Debug|x64.ActiveCfg = Debug|x64
		{BFC834C3-A70B-4650-B453-83FF081A1939}.Debug|x64.Build.0 = Debug|x64
		{BFC834C3-A70B-4650-B453-83FF081A1939}.Debug|x86.ActiveCfg = Debug|Win32
		{BFC834C3-A70B-4650-B453-83FF081A1939}.Debug|x86.Build.0 = Debug|Win32
		{BFC834C3-A70B-4650-B453-83FF081A1939}.Release|x64.ActiveCfg = Release|x64
		{BFC834C3-A70B-4650-B453-83FF081A1939}.Release|x64.Build.0 = Release|x64
		{BFC834C3-A70B-4650-B453-83FF081A1939}.Release|x86.ActiveCfg = Release|Win32
		{BFC834C3-A70B-4650-B453-83FF081A1939}.Release|x86.Build.0 = Release|Win32
		{2BC83D1B-C502-467C-8B25-85CB47473DDB}.Debug|x64.ActiveCfg = Debug|x64
		{2BC83D1B-C502-467C-8B25-85CB47473DDB}.Debug|x64.Build.0 = Debug|x64
		{2BC83D1B-C502-467C-8B25-85CB47473DDB}.Debug|x86.ActiveCfg = Debug|Win32
		{2BC83D1B-C502-467C-8B25-85CB47473DDB}.Debug|x86.Build.0 = Debug|Win32
		{2BC83D1B-C502-467C-8B25-85CB47473DDB}.Release|x64.ActiveCfg = Release|x64
		{2BC83D1B-C502-467C-8B25-85CB47473DDB}.Release|x64.Build.0 = Release|x64
		{2BC83D1B-C502-467C-8B25-85CB47473DDB}.Release|x86.ActiveCfg = Release|Win32
		{2BC83D1B-C502-467C-8B25-85CB47473DDB}.Release|x86.Build.0 = Release|Win32
	EndGlobalSection
	GlobalSection(SolutionProperties) = preSolution
		HideSolutionNode = FALSE
	EndGlobalSection
	GlobalSection(ExtensibilityGlobals) = postSolution
		SolutionGuid = {B8C8EFD5-2584-4039-ACC5-6BD4256A5A61}
	EndGlobalSection
EndGlobal
